
Microsoft Visual Studio Solution File, Format Version 12.00
# Visual Studio Version 17
VisualStudioVersion = 17.2.32616.157
MinimumVisualStudioVersion = 10.0.40219.1
Project("{FAE04EC0-301F-11D3-BF4B-00C04F79EFBC}") = "Compare powers", "Compare powers\Compare powers.csproj", "{4474E1C0-C332-4B2E-B5CD-847754794052}"
EndProject
Project("{FAE04EC0-301F-11D3-BF4B-00C04F79EFBC}") = "ConsoleApp1", "ConsoleApp1\ConsoleApp1.csproj", "{6666CEF3-754F-4BD6-B7D5-32D7D0DCC887}"
EndProject
Global
	GlobalSection(SolutionConfigurationPlatforms) = preSolution
		Debug|Any CPU = Debug|Any CPU
		Release|Any CPU = Release|Any CPU
	EndGlobalSection
	GlobalSection(ProjectConfigurationPlatforms) = postSolution
		{4474E1C0-C332-4B2E-B5CD-847754794052}.Debug|Any CPU.ActiveCfg = Debug|Any CPU
		{4474E1C0-C332-4B2E-B5CD-847754794052}.Debug|Any CPU.Build.0 = Debug|Any CPU
		{4474E1C0-C332-4B2E-B5CD-847754794052}.Release|Any CPU.ActiveCfg = Release|Any CPU
		{4474E1C0-C332-4B2E-B5CD-847754794052}.Release|Any CPU.Build.0 = Release|Any CPU
		{6666CEF3-754F-4BD6-B7D5-32D7D0DCC887}.Debug|Any CPU.ActiveCfg = Debug|Any CPU
		{6666CEF3-754F-4BD6-B7D5-32D7D0DCC887}.Debug|Any CPU.Build.0 = Debug|Any CPU
		{6666CEF3-754F-4BD6-B7D5-32D7D0DCC887}.Release|Any CPU.ActiveCfg = Release|Any CPU
		{6666CEF3-754F-4BD6-B7D5-32D7D0DCC887}.Release|Any CPU.Build.0 = Release|Any CPU
	EndGlobalSection
	GlobalSection(SolutionProperties) = preSolution
		HideSolutionNode = FALSE
	EndGlobalSection
	GlobalSection(ExtensibilityGlobals) = postSolution
		SolutionGuid = {C8922B13-8ECD-4C87-915D-CC96263C4D87}
	EndGlobalSection
EndGlobal
